{
  "name": "cs3219-ay2425s1-project-g19",
  "lockfileVersion": 2,
  "requires": true,
  "packages": {
    "": {
      "dependencies": {
        "erlang": "^1.0.0"
      }
    },
    "node_modules/debug": {
      "version": "1.0.5",
      "resolved": "https://registry.npmjs.org/debug/-/debug-1.0.5.tgz",
      "integrity": "sha512-SIKSrp4+XqcUaNWhwaPJbLFnvSXPsZ4xBdH2WRK0Xo++UzMC4eepYghGAVhVhOwmfq3kqowqJ5w45R3pmYZnuA==",
      "dependencies": {
        "ms": "2.0.0"
      }
    },
    "node_modules/erlang": {
      "version": "1.0.0",
      "resolved": "https://registry.npmjs.org/erlang/-/erlang-1.0.0.tgz",
      "integrity": "sha512-wiWoJAl4LZA/Sa7oks/sacKZO1M/OinpDujNs5McgZaaIBZMuiHhiaoLK7kbwVB5rd9JIyRdMeyhVXYiGxEyPA==",
      "engines": [
        "node"
      ],
      "dependencies": {
        "debug": "~1.0.4"
      }
    },
    "node_modules/ms": {
      "version": "2.0.0",
      "resolved": "https://registry.npmjs.org/ms/-/ms-2.0.0.tgz",
      "integrity": "sha512-Tpp60P6IUJDTuOq/5Z8cdskzJujfwqfOTkrwIwj7IRISpnkJnT6SyJ4PCPnGMoFjC9ddhal5KVIYtAt97ix05A=="
    }
  },
  "dependencies": {
    "debug": {
      "version": "1.0.5",
      "resolved": "https://registry.npmjs.org/debug/-/debug-1.0.5.tgz",
      "integrity": "sha512-SIKSrp4+XqcUaNWhwaPJbLFnvSXPsZ4xBdH2WRK0Xo++UzMC4eepYghGAVhVhOwmfq3kqowqJ5w45R3pmYZnuA==",
      "requires": {
        "ms": "2.0.0"
      }
    },
    "erlang": {
      "version": "1.0.0",
      "resolved": "https://registry.npmjs.org/erlang/-/erlang-1.0.0.tgz",
      "integrity": "sha512-wiWoJAl4LZA/Sa7oks/sacKZO1M/OinpDujNs5McgZaaIBZMuiHhiaoLK7kbwVB5rd9JIyRdMeyhVXYiGxEyPA==",
      "requires": {
        "debug": "~1.0.4"
      }
    },
    "ms": {
      "version": "2.0.0",
      "resolved": "https://registry.npmjs.org/ms/-/ms-2.0.0.tgz",
      "integrity": "sha512-Tpp60P6IUJDTuOq/5Z8cdskzJujfwqfOTkrwIwj7IRISpnkJnT6SyJ4PCPnGMoFjC9ddhal5KVIYtAt97ix05A=="
    }
  }
}
